
Microsoft Visual Studio Solution File, Format Version 12.00
Project("{FAE04EC0-301F-11D3-BF4B-00C04F79EFBC}") = "Model", "Model\Model.csproj", "{15BEF65B-6B76-4895-9E5C-05DDA2D27110}"
EndProject
Project("{FAE04EC0-301F-11D3-BF4B-00C04F79EFBC}") = "RestaurantMenu", "RestaurantMenu\RestaurantMenu.csproj", "{204CCBD1-7C35-483E-8E72-552716AA5AA4}"
EndProject
Global
	GlobalSection(SolutionConfigurationPlatforms) = preSolution
		Debug|Any CPU = Debug|Any CPU
		Release|Any CPU = Release|Any CPU
	EndGlobalSection
	GlobalSection(ProjectConfigurationPlatforms) = postSolution
		{15BEF65B-6B76-4895-9E5C-05DDA2D27110}.Debug|Any CPU.ActiveCfg = Debug|Any CPU
		{15BEF65B-6B76-4895-9E5C-05DDA2D27110}.Debug|Any CPU.Build.0 = Debug|Any CPU
		{15BEF65B-6B76-4895-9E5C-05DDA2D27110}.Release|Any CPU.ActiveCfg = Release|Any CPU
		{15BEF65B-6B76-4895-9E5C-05DDA2D27110}.Release|Any CPU.Build.0 = Release|Any CPU
		{204CCBD1-7C35-483E-8E72-552716AA5AA4}.Debug|Any CPU.ActiveCfg = Debug|Any CPU
		{204CCBD1-7C35-483E-8E72-552716AA5AA4}.Debug|Any CPU.Build.0 = Debug|Any CPU
		{204CCBD1-7C35-483E-8E72-552716AA5AA4}.Release|Any CPU.ActiveCfg = Release|Any CPU
		{204CCBD1-7C35-483E-8E72-552716AA5AA4}.Release|Any CPU.Build.0 = Release|Any CPU
	EndGlobalSection
EndGlobal
